# THIS IS AN AUTOGENERATED FILE. DO NOT EDIT THIS FILE DIRECTLY.
# yarn lockfile v1


"@ionic/core@5.3.1":
  version "5.3.1"
  resolved "https://registry.yarnpkg.com/@ionic/core/-/core-5.3.1.tgz#0b5852b0977063ab0c2a4d3da799fae7ff3d6228"
  integrity sha512-psOiYZbpL5uGKi7MZ9BXCfQIdJVVVW1n8AvrWAiifFE/ebI1x0wbO+D5QLmF2Mc2t/d0nbk4N1V8XyF2bjjiLg==
  dependencies:
    ionicons "^5.1.2"
    tslib "^1.10.0"

"@ionic/react@^5.3.1":
  version "5.3.1"
  resolved "https://registry.yarnpkg.com/@ionic/react/-/react-5.3.1.tgz#3fa16e9e418f128d7fc8ea62a92aa00305970bf7"
  integrity sha512-G+giFkfWpc6idl7wvFMPX45NDxDZ6nbxXUfzA+bmHum3JZ6+B9rXJzvd8Cqco6DYLz3s7WP+UAvHGDg+MEWpAw==
  dependencies:
    "@ionic/core" "5.3.1"
    ionicons "^5.1.2"
    tslib "*"

ionicons@^5.1.2:
  version "5.1.2"
  resolved "https://registry.yarnpkg.com/ionicons/-/ionicons-5.1.2.tgz#f00f17d2f23be94e8a248c9ebbaea236a6132f0d"
  integrity sha512-zO7ZgbBbXhpA7cXO2rDzTNdcCqErjg1Sprq/ossTvaiV0MriOjRE7JO3EGvYjDTPzF9YALGpvLXqCgsRT0tprA==

tslib@*:
  version "2.0.0"
  resolved "https://registry.yarnpkg.com/tslib/-/tslib-2.0.0.tgz#18d13fc2dce04051e20f074cc8387fd8089ce4f3"
  integrity sha512-lTqkx847PI7xEDYJntxZH89L2/aXInsyF2luSafe/+0fHOMjlBNXdH6th7f70qxLDhul7KZK0zC8V5ZIyHl0/g==

tslib@^1.10.0:
  version "1.13.0"
  resolved "https://registry.yarnpkg.com/tslib/-/tslib-1.13.0.tgz#c881e13cc7015894ed914862d276436fa9a47043"
  integrity sha512-i/6DQjL8Xf3be4K/E6Wgpekn5Qasl1usyw++dAA35Ue5orEn65VIxOA+YvNNl9HV3qv70T7CNwjODHZrLwvd1Q==
